
Microsoft Visual Studio Solution File, Format Version 12.00
# Visual Studio Version 17
VisualStudioVersion = 17.9.34728.123
MinimumVisualStudioVersion = 10.0.40219.1
Project("{FAE04EC0-301F-11D3-BF4B-00C04F79EFBC}") = "AutoTesting", "AutoTesting.csproj", "{DA10A72B-C566-44D5-9DEA-289599B80B29}"
EndProject
Global
	GlobalSection(SolutionConfigurationPlatforms) = preSolution
		Debug|Any CPU = Debug|Any CPU
		Release|Any CPU = Release|Any CPU
	EndGlobalSection
	GlobalSection(ProjectConfigurationPlatforms) = postSolution
		{DA10A72B-C566-44D5-9DEA-289599B80B29}.Debug|Any CPU.ActiveCfg = Debug|Any CPU
		{DA10A72B-C566-44D5-9DEA-289599B80B29}.Debug|Any CPU.Build.0 = Debug|Any CPU
		{DA10A72B-C566-44D5-9DEA-289599B80B29}.Debug|Any CPU.Deploy.0 = Debug|Any CPU
		{DA10A72B-C566-44D5-9DEA-289599B80B29}.Release|Any CPU.ActiveCfg = Release|Any CPU
		{DA10A72B-C566-44D5-9DEA-289599B80B29}.Release|Any CPU.Build.0 = Release|Any CPU
		{DA10A72B-C566-44D5-9DEA-289599B80B29}.Release|Any CPU.Deploy.0 = Release|Any CPU
	EndGlobalSection
	GlobalSection(SolutionProperties) = preSolution
		HideSolutionNode = FALSE
	EndGlobalSection
	GlobalSection(ExtensibilityGlobals) = postSolution
		SolutionGuid = {E7B71FEA-C801-4294-BA6C-C409FA6363AB}
	EndGlobalSection
EndGlobal
